{
  "name": "applist",
  "lockfileVersion": 3,
  "requires": true,
  "packages": {
    "": {
      "dependencies": {
        "@sapui5/ts-types": "^1.132.1"
      },
      "devDependencies": {
        "@openui5/ts-types": "^1.132.1"
      }
    },
    "node_modules/@openui5/ts-types": {
      "version": "1.132.1",
      "resolved": "https://registry.npmjs.org/@openui5/ts-types/-/ts-types-1.132.1.tgz",
      "integrity": "sha512-Iz9GUBwnhgr9AZsdUIUcONOYVohzXaZ4fbjeEl/OAp5zFTJgl0dVQJZsoUgOdjW4H24s0HVFwnExjfpeK4qARw==",
      "dev": true,
      "license": "Apache-2.0"
    },
    "node_modules/@sapui5/ts-types": {
      "version": "1.132.1",
      "resolved": "https://registry.npmjs.org/@sapui5/ts-types/-/ts-types-1.132.1.tgz",
      "integrity": "sha512-4Fe+/VsCvNYz3lGbp+D4QAW6EecYEE00GNpuP8fHhJhYmurBNCFOYt4YeOOZOMEvdxed1KzqXi2EiU4TkWD1OQ==",
      "license": "SEE LICENSE IN LICENSE.txt"
    }
  }
}
